
Microsoft Visual Studio Solution File, Format Version 12.00
# Visual Studio Version 17
VisualStudioVersion = 17.8.34205.153
MinimumVisualStudioVersion = 10.0.40219.1
Project("{FAE04EC0-301F-11D3-BF4B-00C04F79EFBC}") = "ConsoleAppJsonNamingPolicy", "ConsoleAppJsonNamingPolicy.csproj", "{D00F9577-CE40-4D05-8DF8-6973CBEE3F04}"
EndProject
Global
	GlobalSection(SolutionConfigurationPlatforms) = preSolution
		Debug|Any CPU = Debug|Any CPU
		Release|Any CPU = Release|Any CPU
	EndGlobalSection
	GlobalSection(ProjectConfigurationPlatforms) = postSolution
		{D00F9577-CE40-4D05-8DF8-6973CBEE3F04}.Debug|Any CPU.ActiveCfg = Debug|Any CPU
		{D00F9577-CE40-4D05-8DF8-6973CBEE3F04}.Debug|Any CPU.Build.0 = Debug|Any CPU
		{D00F9577-CE40-4D05-8DF8-6973CBEE3F04}.Release|Any CPU.ActiveCfg = Release|Any CPU
		{D00F9577-CE40-4D05-8DF8-6973CBEE3F04}.Release|Any CPU.Build.0 = Release|Any CPU
	EndGlobalSection
	GlobalSection(SolutionProperties) = preSolution
		HideSolutionNode = FALSE
	EndGlobalSection
	GlobalSection(ExtensibilityGlobals) = postSolution
		SolutionGuid = {4A3B7588-AE91-4EC6-8E14-CF4A3808C0F5}
	EndGlobalSection
EndGlobal
